// !$*UTF8*$!
{
	archiveVersion = 1;
	classes = {
	};
	objectVersion = 46;
	objects = {

/* Begin PBXBuildFile section */
		F35CE6A21AFBDE2F008B368F /* main.cpp in Sources */ = {isa = PBXBuildFile; fileRef = F35CE6A11AFBDE2F008B368F /* main.cpp */; };
/* End PBXBuildFile section */

/* Begin PBXCopyFilesBuildPhase section */
		F35CE69C1AFBDE2F008B368F /* CopyFiles */ = {
			isa = PBXCopyFilesBuildPhase;
			buildActionMask = 2147483647;
			dstPath = /usr/share/man/man1/;
			dstSubfolderSpec = 0;
			files = (
			);
			runOnlyForDeploymentPostprocessing = 1;
		};
/* End PBXCopyFilesBuildPhase section */

/* Begin PBXFileReference section */
		F35CE69E1AFBDE2F008B368F /* MiTiendaDeGorras */ = {isa = PBXFileReference; explicitFileType = "compiled.mach-o.executable"; includeInIndex = 0; path = MiTiendaDeGorras; sourceTree = BUILT_PRODUCTS_DIR; };
		F35CE6A11AFBDE2F008B368F /* main.cpp */ = {isa = PBXFileReference; lastKnownFileType = sourcecode.cpp.cpp; path = main.cpp; sourceTree = "<group>"; };
/* End PBXFileReference section */

/* Begin PBXFrameworksBuildPhase section */
		F35CE69B1AFBDE2F008B368F /* Frameworks */ = {
			isa = PBXFrameworksBuildPhase;
			buildActionMask = 2147483647;
			files = (
			);
			runOnlyForDeploymentPostprocessing = 0;
		};
/* End PBXFrameworksBuildPhase section */

/* Begin PBXGroup section */
		F35CE6951AFBDE2F008B368F = {
			isa = PBXGroup;
			children = (
				F35CE6A01AFBDE2F008B368F /* MiTiendaDeGorras */,
				F35CE69F1AFBDE2F008B368F /* Products */,
			);
			sourceTree = "<group>";
		};
		F35CE69F1AFBDE2F008B368F /* Products */ = {
			isa = PBXGroup;
			children = (
				F35CE69E1AFBDE2F008B368F /* MiTiendaDeGorras */,
			);
			name = Products;
			sourceTree = "<group>";
		};
		F35CE6A01AFBDE2F008B368F /* MiTiendaDeGorras */ = {
			isa = PBXGroup;
			children = (
				F35CE6A11AFBDE2F008B368F /* main.cpp */,
			);
			path = MiTiendaDeGorras;
			sourceTree = "<group>";
		};
/* End PBXGroup section */

/* Begin PBXNativeTarget section */
		F35CE69D1AFBDE2F008B368F /* MiTiendaDeGorras */ = {
			isa = PBXNativeTarget;
			buildConfigurationList = F35CE6A51AFBDE2F008B368F /* Build configuration list for PBXNativeTarget "MiTiendaDeGorras" */;
			buildPhases = (
				F35CE69A1AFBDE2F008B368F /* Sources */,
				F35CE69B1AFBDE2F008B368F /* Frameworks */,
				F35CE69C1AFBDE2F008B368F /* CopyFiles */,
			);
			buildRules = (
			);
			dependencies = (
			);
			name = MiTiendaDeGorras;
			productName = MiTiendaDeGorras;
			productReference = F35CE69E1AFBDE2F008B368F /* MiTiendaDeGorras */;
			productType = "com.apple.product-type.tool";
		};
/* End PBXNativeTarget section */

/* Begin PBXProject section */
		F35CE6961AFBDE2F008B368F /* Project object */ = {
			isa = PBXProject;
			attributes = {
				LastUpgradeCheck = 0610;
				ORGANIZATIONNAME = Carlos;
				TargetAttributes = {
					F35CE69D1AFBDE2F008B368F = {
						CreatedOnToolsVersion = 6.1.1;
					};
				};
			};
			buildConfigurationList = F35CE6991AFBDE2F008B368F /* Build configuration list for PBXProject "MiTiendaDeGorras" */;
			compatibilityVersion = "Xcode 3.2";
			developmentRegion = English;
			hasScannedForEncodings = 0;
			knownRegions = (
				en,
			);
			mainGroup = F35CE6951AFBDE2F008B368F;
			productRefGroup = F35CE69F1AFBDE2F008B368F /* Products */;
			projectDirPath = "";
			projectRoot = "";
			targets = (
				F35CE69D1AFBDE2F008B368F /* MiTiendaDeGorras */,
			);
		};
/* End PBXProject section */

/* Begin PBXSourcesBuildPhase section */
		F35CE69A1AFBDE2F008B368F /* Sources */ = {
			isa = PBXSourcesBuildPhase;
			buildActionMask = 2147483647;
			files = (
				F35CE6A21AFBDE2F008B368F /* main.cpp in Sources */,
			);
			runOnlyForDeploymentPostprocessing = 0;
		};
/* End PBXSourcesBuildPhase section */

/* Begin XCBuildConfiguration section */
		F35CE6A31AFBDE2F008B368F /* Debug */ = {
			isa = XCBuildConfiguration;
			buildSettings = {
				ALWAYS_SEARCH_USER_PATHS = NO;
				CLANG_CXX_LANGUAGE_STANDARD = "gnu++0x";
				CLANG_CXX_LIBRARY = "libc++";
				CLANG_ENABLE_MODULES = YES;
				CLANG_ENABLE_OBJC_ARC = YES;
				CLANG_WARN_BOOL_CONVERSION = YES;
				CLANG_WARN_CONSTANT_CONVERSION = YES;
				CLANG_WARN_DIRECT_OBJC_ISA_USAGE = YES_ERROR;
				CLANG_WARN_EMPTY_BODY = YES;
				CLANG_WARN_ENUM_CONVERSION = YES;
				CLANG_WARN_INT_CONVERSION = YES;
				CLANG_WARN_OBJC_ROOT_CLASS = YES_ERROR;
				CLANG_WARN_UNREACHABLE_CODE = YES;
				CLANG_WARN__DUPLICATE_METHOD_MATCH = YES;
				COPY_PHASE_STRIP = NO;
				ENABLE_STRICT_OBJC_MSGSEND = YES;
				GCC_C_LANGUAGE_STANDARD = gnu99;
				GCC_DYNAMIC_NO_PIC = NO;
				GCC_OPTIMIZATION_LEVEL = 0;
				GCC_PREPROCESSOR_DEFINITIONS = (
					"DEBUG=1",
					"$(inherited)",
				);
				GCC_SYMBOLS_PRIVATE_EXTERN = NO;
				GCC_WARN_64_TO_32_BIT_CONVERSION = YES;
				GCC_WARN_ABOUT_RETURN_TYPE = YES_ERROR;
				GCC_WARN_UNDECLARED_SELECTOR = YES;
				GCC_WARN_UNINITIALIZED_AUTOS = YES_AGGRESSIVE;
				GCC_WARN_UNUSED_FUNCTION = YES;
				GCC_WARN_UNUSED_VARIABLE = YES;
				MACOSX_DEPLOYMENT_TARGET = 10.10;
				MTL_ENABLE_DEBUG_INFO = YES;
				ONLY_ACTIVE_ARCH = YES;
				SDKROOT = macosx;
			};
			name = Debug;
		};
		F35CE6A41AFBDE2F008B368F /* Release */ = {
			isa = XCBuildConfiguration;
			buildSettings = {
				ALWAYS_SEARCH_USER_PATHS = NO;
				CLANG_CXX_LANGUAGE_STANDARD = "gnu++0x";
				CLANG_CXX_LIBRARY = "libc++";
				CLANG_ENABLE_MODULES = YES;
				CLANG_ENABLE_OBJC_ARC = YES;
				CLANG_WARN_BOOL_CONVERSION = YES;
				CLANG_WARN_CONSTANT_CONVERSION = YES;
				CLANG_WARN_DIRECT_OBJC_ISA_USAGE = YES_ERROR;
				CLANG_WARN_EMPTY_BODY = YES;
				CLANG_WARN_ENUM_CONVERSION = YES;
				CLANG_WARN_INT_CONVERSION = YES;
				CLANG_WARN_OBJC_ROOT_CLASS = YES_ERROR;
				CLANG_WARN_UNREACHABLE_CODE = YES;
				CLANG_WARN__DUPLICATE_METHOD_MATCH = YES;
				COPY_PHASE_STRIP = YES;
				DEBUG_INFORMATION_FORMAT = "dwarf-with-dsym";
				ENABLE_NS_ASSERTIONS = NO;
				ENABLE_STRICT_OBJC_MSGSEND = YES;
				GCC_C_LANGUAGE_STANDARD = gnu99;
				GCC_WARN_64_TO_32_BIT_CONVERSION = YES;
				GCC_WARN_ABOUT_RETURN_TYPE = YES_ERROR;
				GCC_WARN_UNDECLARED_SELECTOR = YES;
				GCC_WARN_UNINITIALIZED_AUTOS = YES_AGGRESSIVE;
				GCC_WARN_UNUSED_FUNCTION = YES;
				GCC_WARN_UNUSED_VARIABLE = YES;
				MACOSX_DEPLOYMENT_TARGET = 10.10;
				MTL_ENABLE_DEBUG_INFO = NO;
				SDKROOT = macosx;
			};
			name = Release;
		};
		F35CE6A61AFBDE2F008B368F /* Debug */ = {
			isa = XCBuildConfiguration;
			buildSettings = {
				PRODUCT_NAME = "$(TARGET_NAME)";
			};
			name = Debug;
		};
		F35CE6A71AFBDE2F008B368F /* Release */ = {
			isa = XCBuildConfiguration;
			buildSettings = {
				PRODUCT_NAME = "$(TARGET_NAME)";
			};
			name = Release;
		};
/* End XCBuildConfiguration section */

/* Begin XCConfigurationList section */
		F35CE6991AFBDE2F008B368F /* Build configuration list for PBXProject "MiTiendaDeGorras" */ = {
			isa = XCConfigurationList;
			buildConfigurations = (
				F35CE6A31AFBDE2F008B368F /* Debug */,
				F35CE6A41AFBDE2F008B368F /* Release */,
			);
			defaultConfigurationIsVisible = 0;
			defaultConfigurationName = Release;
		};
		F35CE6A51AFBDE2F008B368F /* Build configuration list for PBXNativeTarget "MiTiendaDeGorras" */ = {
			isa = XCConfigurationList;
			buildConfigurations = (
				F35CE6A61AFBDE2F008B368F /* Debug */,
				F35CE6A71AFBDE2F008B368F /* Release */,
			);
			defaultConfigurationIsVisible = 0;
		};
/* End XCConfigurationList section */
	};
	rootObject = F35CE6961AFBDE2F008B368F /* Project object */;
}
